# This file was autogenerated by Stack.
# You should not edit this file by hand.
# For more information, please see the documentation at:
#   https://docs.haskellstack.org/en/stable/lock_files

packages:
- completed:
    hackage: discord-haskell-1.8.1@sha256:86d8777ce02ed404c81d02c7b9b0fd5f870e52c6e3a07d98ce3681a7873f7e0e,3562
    pantry-tree:
      size: 2107
      sha256: cfb24b8f065a15db36b7bdb442970cddf36f7c91f18eb2fca4a835f94f24f9a1
  original:
    hackage: discord-haskell-1.8.1@sha256:86d8777ce02ed404c81d02c7b9b0fd5f870e52c6e3a07d98ce3681a7873f7e0e,3562
- completed:
    hackage: emoji-0.1.0.2@sha256:d995572a5c7dcd28f98eb15c6e387a7b3bda1ac2477ab0d9dba8580d5d7b161f,1273
    pantry-tree:
      size: 437
      sha256: dd9ea90a631342e5db0fc21331ade4d563a685e9125d5a3989eefa8e1b96c6c6
  original:
    hackage: emoji-0.1.0.2@sha256:d995572a5c7dcd28f98eb15c6e387a7b3bda1ac2477ab0d9dba8580d5d7b161f,1273
snapshots:
- completed:
    size: 556555
    url: https://raw.githubusercontent.com/commercialhaskell/stackage-snapshots/master/nightly/2020/12/8.yaml
    sha256: 910d12223d0ca24222b1bbdc6046a9a8c6187cce6b235f46c44e6265bf061169
  original: nightly-2020-12-08
